
Microsoft Visual Studio Solution File, Format Version 11.00
# Visual Studio 2010
Project("{FAE04EC0-301F-11D3-BF4B-00C04F79EFBC}") = "vlcAR", "Assembly-CSharp.csproj", "{CE020A54-A106-EEDB-57BA-DC60D66A9DC0}"
EndProject
Project("{FAE04EC0-301F-11D3-BF4B-00C04F79EFBC}") = "vlcAR", "Assembly-CSharp-Editor.csproj", "{4DA6355B-472D-F054-C5FC-E21EA8ABA4A2}"
EndProject
Global
	GlobalSection(SolutionConfigurationPlatforms) = preSolution
		Debug|Any CPU = Debug|Any CPU
		Release|Any CPU = Release|Any CPU
	EndGlobalSection
	GlobalSection(ProjectConfigurationPlatforms) = postSolution
		{CE020A54-A106-EEDB-57BA-DC60D66A9DC0}.Debug|Any CPU.ActiveCfg = Debug|Any CPU
		{CE020A54-A106-EEDB-57BA-DC60D66A9DC0}.Debug|Any CPU.Build.0 = Debug|Any CPU
		{CE020A54-A106-EEDB-57BA-DC60D66A9DC0}.Release|Any CPU.ActiveCfg = Release|Any CPU
		{CE020A54-A106-EEDB-57BA-DC60D66A9DC0}.Release|Any CPU.Build.0 = Release|Any CPU
		{4DA6355B-472D-F054-C5FC-E21EA8ABA4A2}.Debug|Any CPU.ActiveCfg = Debug|Any CPU
		{4DA6355B-472D-F054-C5FC-E21EA8ABA4A2}.Debug|Any CPU.Build.0 = Debug|Any CPU
		{4DA6355B-472D-F054-C5FC-E21EA8ABA4A2}.Release|Any CPU.ActiveCfg = Release|Any CPU
		{4DA6355B-472D-F054-C5FC-E21EA8ABA4A2}.Release|Any CPU.Build.0 = Release|Any CPU
	EndGlobalSection
	GlobalSection(SolutionProperties) = preSolution
		HideSolutionNode = FALSE
	EndGlobalSection
	GlobalSection(MonoDevelopProperties) = preSolution
		StartupItem = Assembly-CSharp.csproj
	EndGlobalSection
EndGlobal
